
Microsoft Visual Studio Solution File, Format Version 12.00
# Visual Studio Version 17
VisualStudioVersion = 17.8.34525.116
MinimumVisualStudioVersion = 10.0.40219.1
Project("{FAE04EC0-301F-11D3-BF4B-00C04F79EFBC}") = "ExceptionHandling", "ExceptionHandling\ExceptionHandling.csproj", "{72869916-4658-4CC4-A8AB-42C241A5FD6A}"
EndProject
Global
	GlobalSection(SolutionConfigurationPlatforms) = preSolution
		Debug|Any CPU = Debug|Any CPU
		Release|Any CPU = Release|Any CPU
	EndGlobalSection
	GlobalSection(ProjectConfigurationPlatforms) = postSolution
		{72869916-4658-4CC4-A8AB-42C241A5FD6A}.Debug|Any CPU.ActiveCfg = Debug|Any CPU
		{72869916-4658-4CC4-A8AB-42C241A5FD6A}.Debug|Any CPU.Build.0 = Debug|Any CPU
		{72869916-4658-4CC4-A8AB-42C241A5FD6A}.Release|Any CPU.ActiveCfg = Release|Any CPU
		{72869916-4658-4CC4-A8AB-42C241A5FD6A}.Release|Any CPU.Build.0 = Release|Any CPU
	EndGlobalSection
	GlobalSection(SolutionProperties) = preSolution
		HideSolutionNode = FALSE
	EndGlobalSection
	GlobalSection(ExtensibilityGlobals) = postSolution
		SolutionGuid = {6426D52B-FA62-4432-8D51-13830D838D99}
	EndGlobalSection
EndGlobal
